
Microsoft Visual Studio Solution File, Format Version 12.00
# Visual Studio Version 17
VisualStudioVersion = 17.7.34003.232
MinimumVisualStudioVersion = 10.0.40219.1
Project("{FAE04EC0-301F-11D3-BF4B-00C04F79EFBC}") = "jsonTask", "jsonTask\jsonTask.csproj", "{78A07468-BB53-48E4-821C-FAB52BCBAA90}"
EndProject
Global
	GlobalSection(SolutionConfigurationPlatforms) = preSolution
		Debug|Any CPU = Debug|Any CPU
		Release|Any CPU = Release|Any CPU
	EndGlobalSection
	GlobalSection(ProjectConfigurationPlatforms) = postSolution
		{78A07468-BB53-48E4-821C-FAB52BCBAA90}.Debug|Any CPU.ActiveCfg = Debug|Any CPU
		{78A07468-BB53-48E4-821C-FAB52BCBAA90}.Debug|Any CPU.Build.0 = Debug|Any CPU
		{78A07468-BB53-48E4-821C-FAB52BCBAA90}.Release|Any CPU.ActiveCfg = Release|Any CPU
		{78A07468-BB53-48E4-821C-FAB52BCBAA90}.Release|Any CPU.Build.0 = Release|Any CPU
	EndGlobalSection
	GlobalSection(SolutionProperties) = preSolution
		HideSolutionNode = FALSE
	EndGlobalSection
	GlobalSection(ExtensibilityGlobals) = postSolution
		SolutionGuid = {495DFA11-199B-42D5-B17D-100DB6F4D96D}
	EndGlobalSection
EndGlobal
